github.com/nexora-vpn/addon-kit v0.1.1 h1:3xtn3wtN8spf3B6sOMZEbwESrs2zCORqyv662Eh6BiI=
github.com/nexora-vpn/addon-kit v0.1.1/go.mod h1:vujfw2H39EN2X8HosVXJMNb4+LzFHr0SjDchjvoTtbA=
golang.org/x/mod v0.41.0 h1:qJmnOUb4YB+FsEuM3HcWucdZASCPGhsX6uljO6pog0c=
golang.org/x/mod v0.41.0/go.mod h1:Ek9pY8RKWXwsWvd3rQiHYtMqkjSUV+s1Rj7j4H5Ur6o=
